
Microsoft Visual Studio Solution File, Format Version 12.00
# Visual Studio Version 16
VisualStudioVersion = 16.0.31129.286
MinimumVisualStudioVersion = 10.0.40219.1
Project("{FAE04EC0-301F-11D3-BF4B-00C04F79EFBC}") = "VISTA", "VISTA\VISTA.csproj", "{9F37A228-4778-4FD7-9D1C-EEE73AECE273}"
EndProject
Project("{FAE04EC0-301F-11D3-BF4B-00C04F79EFBC}") = "MODELO", "MODELO\MODELO.csproj", "{49E368B2-C0B4-48BE-A8D3-9D7EA790011E}"
EndProject
Project("{FAE04EC0-301F-11D3-BF4B-00C04F79EFBC}") = "CONTROLADORA", "CONTROLADORA\CONTROLADORA.csproj", "{AA6C500C-7FCB-422E-AAB4-7C946A891289}"
EndProject
Project("{FAE04EC0-301F-11D3-BF4B-00C04F79EFBC}") = "CASOS DE USO", "CASOS DE USO\CASOS DE USO.csproj", "{9409267A-AF16-4824-B53B-A70D5B6CF237}"
EndProject
Project("{FAE04EC0-301F-11D3-BF4B-00C04F79EFBC}") = "CONTEXTO", "CONTEXTO\CONTEXTO.csproj", "{6E096F28-A7CA-43AE-A6AD-FBE393863F02}"
EndProject
Global
	GlobalSection(SolutionConfigurationPlatforms) = preSolution
		Debug|Any CPU = Debug|Any CPU
		Release|Any CPU = Release|Any CPU
	EndGlobalSection
	GlobalSection(ProjectConfigurationPlatforms) = postSolution
		{9F37A228-4778-4FD7-9D1C-EEE73AECE273}.Debug|Any CPU.ActiveCfg = Debug|Any CPU
		{9F37A228-4778-4FD7-9D1C-EEE73AECE273}.Debug|Any CPU.Build.0 = Debug|Any CPU
		{9F37A228-4778-4FD7-9D1C-EEE73AECE273}.Release|Any CPU.ActiveCfg = Release|Any CPU
		{9F37A228-4778-4FD7-9D1C-EEE73AECE273}.Release|Any CPU.Build.0 = Release|Any CPU
		{49E368B2-C0B4-48BE-A8D3-9D7EA790011E}.Debug|Any CPU.ActiveCfg = Debug|Any CPU
		{49E368B2-C0B4-48BE-A8D3-9D7EA790011E}.Debug|Any CPU.Build.0 = Debug|Any CPU
		{49E368B2-C0B4-48BE-A8D3-9D7EA790011E}.Release|Any CPU.ActiveCfg = Release|Any CPU
		{49E368B2-C0B4-48BE-A8D3-9D7EA790011E}.Release|Any CPU.Build.0 = Release|Any CPU
		{AA6C500C-7FCB-422E-AAB4-7C946A891289}.Debug|Any CPU.ActiveCfg = Debug|Any CPU
		{AA6C500C-7FCB-422E-AAB4-7C946A891289}.Debug|Any CPU.Build.0 = Debug|Any CPU
		{AA6C500C-7FCB-422E-AAB4-7C946A891289}.Release|Any CPU.ActiveCfg = Release|Any CPU
		{AA6C500C-7FCB-422E-AAB4-7C946A891289}.Release|Any CPU.Build.0 = Release|Any CPU
		{9409267A-AF16-4824-B53B-A70D5B6CF237}.Debug|Any CPU.ActiveCfg = Debug|Any CPU
		{9409267A-AF16-4824-B53B-A70D5B6CF237}.Debug|Any CPU.Build.0 = Debug|Any CPU
		{9409267A-AF16-4824-B53B-A70D5B6CF237}.Release|Any CPU.ActiveCfg = Release|Any CPU
		{9409267A-AF16-4824-B53B-A70D5B6CF237}.Release|Any CPU.Build.0 = Release|Any CPU
		{6E096F28-A7CA-43AE-A6AD-FBE393863F02}.Debug|Any CPU.ActiveCfg = Debug|Any CPU
		{6E096F28-A7CA-43AE-A6AD-FBE393863F02}.Debug|Any CPU.Build.0 = Debug|Any CPU
		{6E096F28-A7CA-43AE-A6AD-FBE393863F02}.Release|Any CPU.ActiveCfg = Release|Any CPU
		{6E096F28-A7CA-43AE-A6AD-FBE393863F02}.Release|Any CPU.Build.0 = Release|Any CPU
	EndGlobalSection
	GlobalSection(SolutionProperties) = preSolution
		HideSolutionNode = FALSE
	EndGlobalSection
	GlobalSection(ExtensibilityGlobals) = postSolution
		SolutionGuid = {E5EA522C-EBA8-4167-BD00-69D5C18B8B13}
	EndGlobalSection
EndGlobal
